<?xml version="1.0" encoding="utf-8"?>
<Project ToolsVersion="4.0" xmlns="http://schemas.microsoft.com/developer/msbuild/2003">
  <ItemGroup>
    <Filter Include="來源檔案">
      <UniqueIdentifier>{4FC737F1-C7A5-4376-A066-2A32D752A2FF}</UniqueIdentifier>
      <Extensions>cpp;c;cc;cxx;c++;cppm;ixx;def;odl;idl;hpj;bat;asm;asmx</Extensions>
    </Filter>
    <Filter Include="標頭檔">
      <UniqueIdentifier>{93995380-89BD-4b04-88EB-625FBE52EBFB}</UniqueIdentifier>
      <Extensions>h;hh;hpp;hxx;h++;hm;inl;inc;ipp;xsd</Extensions>
    </Filter>
    <Filter Include="資源檔">
      <UniqueIdentifier>{67DA6AB6-F800-4c08-8B7A-83BB121AAD01}</UniqueIdentifier>
      <Extensions>rc;ico;cur;bmp;dlg;rc2;rct;bin;rgs;gif;jpg;jpeg;jpe;resx;tiff;tif;png;wav;mfcribbon-ms</Extensions>
    </Filter>
  </ItemGroup>
  <ItemGroup>
    <Text Include="..\..\TowerDefense\log.txt" />
  </ItemGroup>
  <ItemGroup>
    <None Include="..\..\TowerDefense\Makefile" />
    <None Include="packages.config" />
  </ItemGroup>
  <ItemGroup>
    <ClCompile Include="..\..\TowerDefense\Allegro5Exception.cpp">
      <Filter>來源檔案</Filter>
    </ClCompile>
    <ClCompile Include="..\..\TowerDefense\AudioHelper.cpp">
      <Filter>來源檔案</Filter>
    </ClCompile>
    <ClCompile Include="..\..\TowerDefense\Bullet.cpp">
      <Filter>來源檔案</Filter>
    </ClCompile>
    <ClCompile Include="..\..\TowerDefense\Collider.cpp">
      <Filter>來源檔案</Filter>
    </ClCompile>
    <ClCompile Include="..\..\TowerDefense\DirtyEffect.cpp">
      <Filter>來源檔案</Filter>
    </ClCompile>
    <ClCompile Include="..\..\TowerDefense\Enemy.cpp">
      <Filter>來源檔案</Filter>
    </ClCompile>
    <ClCompile Include="..\..\TowerDefense\ExplosionEffect.cpp">
      <Filter>來源檔案</Filter>
    </ClCompile>
    <ClCompile Include="..\..\TowerDefense\GameEngine.cpp">
      <Filter>來源檔案</Filter>
    </ClCompile>
    <ClCompile Include="..\..\TowerDefense\Group.cpp">
      <Filter>來源檔案</Filter>
    </ClCompile>
    <ClCompile Include="..\..\TowerDefense\IceCreamBullet.cpp">
      <Filter>來源檔案</Filter>
    </ClCompile>
    <ClCompile Include="..\..\TowerDefense\IControl.cpp">
      <Filter>來源檔案</Filter>
    </ClCompile>
    <ClCompile Include="..\..\TowerDefense\Image.cpp">
      <Filter>來源檔案</Filter>
    </ClCompile>
    <ClCompile Include="..\..\TowerDefense\ImageButton.cpp">
      <Filter>來源檔案</Filter>
    </ClCompile>
    <ClCompile Include="..\..\TowerDefense\IObject.cpp">
      <Filter>來源檔案</Filter>
    </ClCompile>
    <ClCompile Include="..\..\TowerDefense\IScene.cpp">
      <Filter>來源檔案</Filter>
    </ClCompile>
    <ClCompile Include="..\..\TowerDefense\Killer.cpp">
      <Filter>來源檔案</Filter>
    </ClCompile>
    <ClCompile Include="..\..\TowerDefense\Label.cpp">
      <Filter>來源檔案</Filter>
    </ClCompile>
    <ClCompile Include="..\..\TowerDefense\LOG.cpp">
      <Filter>來源檔案</Filter>
    </ClCompile>
    <ClCompile Include="..\..\TowerDefense\LoseScene.cpp">
      <Filter>來源檔案</Filter>
    </ClCompile>
    <ClCompile Include="..\..\TowerDefense\main.cpp">
      <Filter>來源檔案</Filter>
    </ClCompile>
    <ClCompile Include="..\..\TowerDefense\NormalEnemy.cpp">
      <Filter>來源檔案</Filter>
    </ClCompile>
    <ClCompile Include="..\..\TowerDefense\Plane.cpp">
      <Filter>來源檔案</Filter>
    </ClCompile>
    <ClCompile Include="..\..\TowerDefense\PlateletTurret.cpp">
      <Filter>來源檔案</Filter>
    </ClCompile>
    <ClCompile Include="..\..\TowerDefense\PlayScene.cpp">
      <Filter>來源檔案</Filter>
    </ClCompile>
    <ClCompile Include="..\..\TowerDefense\PockyBullet.cpp">
      <Filter>來源檔案</Filter>
    </ClCompile>
    <ClCompile Include="..\..\TowerDefense\Point.cpp">
      <Filter>來源檔案</Filter>
    </ClCompile>
    <ClCompile Include="..\..\TowerDefense\Resources.cpp">
      <Filter>來源檔案</Filter>
    </ClCompile>
    <ClCompile Include="..\..\TowerDefense\Slider.cpp">
      <Filter>來源檔案</Filter>
    </ClCompile>
    <ClCompile Include="..\..\TowerDefense\SofaEnemy.cpp">
      <Filter>來源檔案</Filter>
    </ClCompile>
    <ClCompile Include="..\..\TowerDefense\Sprite.cpp">
      <Filter>來源檔案</Filter>
    </ClCompile>
    <ClCompile Include="..\..\TowerDefense\StageSelectScene.cpp">
      <Filter>來源檔案</Filter>
    </ClCompile>
    <ClCompile Include="..\..\TowerDefense\Start_Scene.cpp">
      <Filter>來源檔案</Filter>
    </ClCompile>
    <ClCompile Include="..\..\TowerDefense\StrongEnemy.cpp">
      <Filter>來源檔案</Filter>
    </ClCompile>
    <ClCompile Include="..\..\TowerDefense\Turret.cpp">
      <Filter>來源檔案</Filter>
    </ClCompile>
    <ClCompile Include="..\..\TowerDefense\TurretButton.cpp">
      <Filter>來源檔案</Filter>
    </ClCompile>
    <ClCompile Include="..\..\TowerDefense\WBCellTurret.cpp">
      <Filter>來源檔案</Filter>
    </ClCompile>
    <ClCompile Include="..\..\TowerDefense\WinScene.cpp">
      <Filter>來源檔案</Filter>
    </ClCompile>
    <ClCompile Include="..\..\TowerDefense\SettingScene.cpp">
      <Filter>來源檔案</Filter>
    </ClCompile>
    <ClCompile Include="..\..\TowerDefense\FireBullet.cpp">
      <Filter>來源檔案</Filter>
    </ClCompile>
    <ClCompile Include="..\..\TowerDefense\FreezeTurret.cpp">
      <Filter>來源檔案</Filter>
    </ClCompile>
    <ClCompile Include="..\..\TowerDefense\NerdEnemy.cpp">
      <Filter>來源檔案</Filter>
    </ClCompile>
    <ClCompile Include="..\..\TowerDefense\ShootEffect.cpp">
      <Filter>來源檔案</Filter>
    </ClCompile>
    <ClCompile Include="..\..\TowerDefense\EnemyBullet.cpp">
      <Filter>來源檔案</Filter>
    </ClCompile>
    <ClCompile Include="..\..\TowerDefense\BoomTurret.cpp">
      <Filter>來源檔案</Filter>
    </ClCompile>
    <ClCompile Include="..\..\TowerDefense\WallTurret.cpp">
      <Filter>來源檔案</Filter>
    </ClCompile>
    <ClCompile Include="..\..\TowerDefense\Bomb.cpp">
      <Filter>來源檔案</Filter>
    </ClCompile>
  </ItemGroup>
  <ItemGroup>
    <ClInclude Include="..\..\TowerDefense\Allegro5Exception.hpp">
      <Filter>標頭檔</Filter>
    </ClInclude>
    <ClInclude Include="..\..\TowerDefense\AudioHelper.hpp">
      <Filter>標頭檔</Filter>
    </ClInclude>
    <ClInclude Include="..\..\TowerDefense\Bullet.hpp">
      <Filter>標頭檔</Filter>
    </ClInclude>
    <ClInclude Include="..\..\TowerDefense\Collider.hpp">
      <Filter>標頭檔</Filter>
    </ClInclude>
    <ClInclude Include="..\..\TowerDefense\DirtyEffect.hpp">
      <Filter>標頭檔</Filter>
    </ClInclude>
    <ClInclude Include="..\..\TowerDefense\Enemy.hpp">
      <Filter>標頭檔</Filter>
    </ClInclude>
    <ClInclude Include="..\..\TowerDefense\ExplosionEffect.hpp">
      <Filter>標頭檔</Filter>
    </ClInclude>
    <ClInclude Include="..\..\TowerDefense\GameEngine.hpp">
      <Filter>標頭檔</Filter>
    </ClInclude>
    <ClInclude Include="..\..\TowerDefense\Group.hpp">
      <Filter>標頭檔</Filter>
    </ClInclude>
    <ClInclude Include="..\..\TowerDefense\IceCreamBullet.hpp">
      <Filter>標頭檔</Filter>
    </ClInclude>
    <ClInclude Include="..\..\TowerDefense\IControl.hpp">
      <Filter>標頭檔</Filter>
    </ClInclude>
    <ClInclude Include="..\..\TowerDefense\Image.hpp">
      <Filter>標頭檔</Filter>
    </ClInclude>
    <ClInclude Include="..\..\TowerDefense\ImageButton.hpp">
      <Filter>標頭檔</Filter>
    </ClInclude>
    <ClInclude Include="..\..\TowerDefense\IObject.hpp">
      <Filter>標頭檔</Filter>
    </ClInclude>
    <ClInclude Include="..\..\TowerDefense\IScene.hpp">
      <Filter>標頭檔</Filter>
    </ClInclude>
    <ClInclude Include="..\..\TowerDefense\Killer.hpp">
      <Filter>標頭檔</Filter>
    </ClInclude>
    <ClInclude Include="..\..\TowerDefense\Label.hpp">
      <Filter>標頭檔</Filter>
    </ClInclude>
    <ClInclude Include="..\..\TowerDefense\LOG.hpp">
      <Filter>標頭檔</Filter>
    </ClInclude>
    <ClInclude Include="..\..\TowerDefense\LoseScene.hpp">
      <Filter>標頭檔</Filter>
    </ClInclude>
    <ClInclude Include="..\..\TowerDefense\NormalEnemy.hpp">
      <Filter>標頭檔</Filter>
    </ClInclude>
    <ClInclude Include="..\..\TowerDefense\Plane.hpp">
      <Filter>標頭檔</Filter>
    </ClInclude>
    <ClInclude Include="..\..\TowerDefense\PlateletTurret.hpp">
      <Filter>標頭檔</Filter>
    </ClInclude>
    <ClInclude Include="..\..\TowerDefense\PlayScene.hpp">
      <Filter>標頭檔</Filter>
    </ClInclude>
    <ClInclude Include="..\..\TowerDefense\PockyBullet.hpp">
      <Filter>標頭檔</Filter>
    </ClInclude>
    <ClInclude Include="..\..\TowerDefense\Point.hpp">
      <Filter>標頭檔</Filter>
    </ClInclude>
    <ClInclude Include="..\..\TowerDefense\Resources.hpp">
      <Filter>標頭檔</Filter>
    </ClInclude>
    <ClInclude Include="..\..\TowerDefense\Slider.hpp">
      <Filter>標頭檔</Filter>
    </ClInclude>
    <ClInclude Include="..\..\TowerDefense\SofaEnemy.hpp">
      <Filter>標頭檔</Filter>
    </ClInclude>
    <ClInclude Include="..\..\TowerDefense\Sprite.hpp">
      <Filter>標頭檔</Filter>
    </ClInclude>
    <ClInclude Include="..\..\TowerDefense\StageSelectScene.hpp">
      <Filter>標頭檔</Filter>
    </ClInclude>
    <ClInclude Include="..\..\TowerDefense\Start_Scene.hpp">
      <Filter>標頭檔</Filter>
    </ClInclude>
    <ClInclude Include="..\..\TowerDefense\StrongEnemy.hpp">
      <Filter>標頭檔</Filter>
    </ClInclude>
    <ClInclude Include="..\..\TowerDefense\Turret.hpp">
      <Filter>標頭檔</Filter>
    </ClInclude>
    <ClInclude Include="..\..\TowerDefense\TurretButton.hpp">
      <Filter>標頭檔</Filter>
    </ClInclude>
    <ClInclude Include="..\..\TowerDefense\WBCellTurret.hpp">
      <Filter>標頭檔</Filter>
    </ClInclude>
    <ClInclude Include="..\..\TowerDefense\WinScene.hpp">
      <Filter>標頭檔</Filter>
    </ClInclude>
    <ClInclude Include="..\..\TowerDefense\SettingScene.hpp">
      <Filter>標頭檔</Filter>
    </ClInclude>
    <ClInclude Include="..\..\TowerDefense\FireBullet.hpp">
      <Filter>標頭檔</Filter>
    </ClInclude>
    <ClInclude Include="..\..\TowerDefense\FreezeTurret.hpp">
      <Filter>標頭檔</Filter>
    </ClInclude>
    <ClInclude Include="..\..\TowerDefense\NerdEnemy.hpp">
      <Filter>標頭檔</Filter>
    </ClInclude>
    <ClInclude Include="..\..\TowerDefense\ShootEffect.hpp">
      <Filter>標頭檔</Filter>
    </ClInclude>
    <ClInclude Include="..\..\TowerDefense\EnemyBullet.hpp">
      <Filter>標頭檔</Filter>
    </ClInclude>
    <ClInclude Include="..\..\TowerDefense\BoomTurret.hpp">
      <Filter>標頭檔</Filter>
    </ClInclude>
    <ClInclude Include="..\..\TowerDefense\WallTurret.hpp">
      <Filter>標頭檔</Filter>
    </ClInclude>
    <ClInclude Include="..\..\TowerDefense\Bomb.hpp">
      <Filter>標頭檔</Filter>
    </ClInclude>
  </ItemGroup>
</Project>